# THIS IS AN AUTOGENERATED FILE. DO NOT EDIT THIS FILE DIRECTLY.
# yarn lockfile v1


"@esbuild/android-arm64@0.18.19":
  version "0.18.19"
  resolved "https://registry.npmjs.org/@esbuild/android-arm64/-/android-arm64-0.18.19.tgz"
  integrity sha512-4+jkUFQxZkQfQOOxfGVZB38YUWHMJX2ihZwF+2nh8m7bHdWXpixiurgGRN3c/KMSwlltbYI0/i929jwBRMFzbA==

"@esbuild/android-arm@0.18.19":
  version "0.18.19"
  resolved "https://registry.npmjs.org/@esbuild/android-arm/-/android-arm-0.18.19.tgz"
  integrity sha512-1uOoDurJYh5MNqPqpj3l/TQCI1V25BXgChEldCB7D6iryBYqYKrbZIhYO5AI9fulf66sM8UJpc3UcCly2Tv28w==

"@esbuild/android-x64@0.18.19":
  version "0.18.19"
  resolved "https://registry.npmjs.org/@esbuild/android-x64/-/android-x64-0.18.19.tgz"
  integrity sha512-ae5sHYiP/Ogj2YNrLZbWkBmyHIDOhPgpkGvFnke7XFGQldBDWvc/AyYwSLpNuKw9UNkgnLlB/jPpnBmlF3G9Bg==

"@esbuild/darwin-arm64@0.18.19":
  version "0.18.19"
  resolved "https://registry.npmjs.org/@esbuild/darwin-arm64/-/darwin-arm64-0.18.19.tgz"
  integrity sha512-HIpQvNQWFYROmWDANMRL+jZvvTQGOiTuwWBIuAsMaQrnStedM+nEKJBzKQ6bfT9RFKH2wZ+ej+DY7+9xHBTFPg==

"@esbuild/darwin-x64@0.18.19":
  version "0.18.19"
  resolved "https://registry.npmjs.org/@esbuild/darwin-x64/-/darwin-x64-0.18.19.tgz"
  integrity sha512-m6JdvXJQt0thNLIcWOeG079h2ivhYH4B5sVCgqb/B29zTcFd7EE8/J1nIUHhdtwGeItdUeqKaqqb4towwxvglQ==

"@esbuild/freebsd-arm64@0.18.19":
  version "0.18.19"
  resolved "https://registry.npmjs.org/@esbuild/freebsd-arm64/-/freebsd-arm64-0.18.19.tgz"
  integrity sha512-G0p4EFMPZhGn/xVNspUyMQbORH3nlKTV0bFNHPIwLraBuAkTeMyxNviTe0ZXUbIXQrR1lrwniFjNFU4s+x7veQ==

"@esbuild/freebsd-x64@0.18.19":
  version "0.18.19"
  resolved "https://registry.npmjs.org/@esbuild/freebsd-x64/-/freebsd-x64-0.18.19.tgz"
  integrity sha512-hBxgRlG42+W+j/1/cvlnSa+3+OBKeDCyO7OG2ICya1YJaSCYfSpuG30KfOnQHI7Ytgu4bRqCgrYXxQEzy0zM5Q==

"@esbuild/linux-arm64@0.18.19":
  version "0.18.19"
  resolved "https://registry.npmjs.org/@esbuild/linux-arm64/-/linux-arm64-0.18.19.tgz"
  integrity sha512-X8g33tczY0GsJq3lhyBrjnFtaKjWVpp1gMq5IlF9BQJ3TUfSK74nQnz9mRIEejmcV+OIYn6bkOJeUaU1Knrljg==

"@esbuild/linux-arm@0.18.19":
  version "0.18.19"
  resolved "https://registry.npmjs.org/@esbuild/linux-arm/-/linux-arm-0.18.19.tgz"
  integrity sha512-qtWyoQskfJlb9MD45mvzCEKeO4uCnDZ7lPFeNqbfaaJHqBiH9qA5Vu2EuckqYZuFMJWy1l4dxTf9NOulCVfUjg==

"@esbuild/linux-ia32@0.18.19":
  version "0.18.19"
  resolved "https://registry.npmjs.org/@esbuild/linux-ia32/-/linux-ia32-0.18.19.tgz"
  integrity sha512-SAkRWJgb+KN+gOhmbiE6/wu23D6HRcGQi15cB13IVtBZZgXxygTV5GJlUAKLQ5Gcx0gtlmt+XIxEmSqA6sZTOw==

"@esbuild/linux-loong64@0.18.19":
  version "0.18.19"
  resolved "https://registry.npmjs.org/@esbuild/linux-loong64/-/linux-loong64-0.18.19.tgz"
  integrity sha512-YLAslaO8NsB9UOxBchos82AOMRDbIAWChwDKfjlGrHSzS3v1kxce7dGlSTsrb0PJwo1KYccypN3VNjQVLtz7LA==

"@esbuild/linux-mips64el@0.18.19":
  version "0.18.19"
  resolved "https://registry.npmjs.org/@esbuild/linux-mips64el/-/linux-mips64el-0.18.19.tgz"
  integrity sha512-vSYFtlYds/oTI8aflEP65xo3MXChMwBOG1eWPGGKs/ev9zkTeXVvciU+nifq8J1JYMz+eQ4J9JDN0O2RKF8+1Q==

"@esbuild/linux-ppc64@0.18.19":
  version "0.18.19"
  resolved "https://registry.npmjs.org/@esbuild/linux-ppc64/-/linux-ppc64-0.18.19.tgz"
  integrity sha512-tgG41lRVwlzqO9tv9l7aXYVw35BxKXLtPam1qALScwSqPivI8hjkZLNH0deaaSCYCFT9cBIdB+hUjWFlFFLL9A==

"@esbuild/linux-riscv64@0.18.19":
  version "0.18.19"
  resolved "https://registry.npmjs.org/@esbuild/linux-riscv64/-/linux-riscv64-0.18.19.tgz"
  integrity sha512-EgBZFLoN1S5RuB4cCJI31pBPsjE1nZ+3+fHRjguq9Ibrzo29bOLSBcH1KZJvRNh5qtd+fcYIGiIUia8Jw5r1lQ==

"@esbuild/linux-s390x@0.18.19":
  version "0.18.19"
  resolved "https://registry.npmjs.org/@esbuild/linux-s390x/-/linux-s390x-0.18.19.tgz"
  integrity sha512-q1V1rtHRojAzjSigZEqrcLkpfh5K09ShCoIsdTakozVBnM5rgV58PLFticqDp5UJ9uE0HScov9QNbbl8HBo6QQ==

"@esbuild/linux-x64@0.18.19":
  version "0.18.19"
  resolved "https://registry.npmjs.org/@esbuild/linux-x64/-/linux-x64-0.18.19.tgz"
  integrity sha512-D0IiYjpZRXxGZLQfsydeAD7ZWqdGyFLBj5f2UshJpy09WPs3qizDCsEr8zyzcym6Woj/UI9ZzMIXwvoXVtyt0A==

"@esbuild/netbsd-x64@0.18.19":
  version "0.18.19"
  resolved "https://registry.npmjs.org/@esbuild/netbsd-x64/-/netbsd-x64-0.18.19.tgz"
  integrity sha512-3tt3SOS8L3D54R8oER41UdDshlBIAjYhdWRPiZCTZ1E41+shIZBpTjaW5UaN/jD1ENE/Ok5lkeqhoNMbxstyxw==

"@esbuild/openbsd-x64@0.18.19":
  version "0.18.19"
  resolved "https://registry.npmjs.org/@esbuild/openbsd-x64/-/openbsd-x64-0.18.19.tgz"
  integrity sha512-MxbhcuAYQPlfln1EMc4T26OUoeg/YQc6wNoEV8xvktDKZhLtBxjkoeESSo9BbPaGKhAPzusXYj5n8n5A8iZSrA==

"@esbuild/sunos-x64@0.18.19":
  version "0.18.19"
  resolved "https://registry.npmjs.org/@esbuild/sunos-x64/-/sunos-x64-0.18.19.tgz"
  integrity sha512-m0/UOq1wj25JpWqOJxoWBRM9VWc3c32xiNzd+ERlYstUZ6uwx5SZsQUtkiFHaYmcaoj+f6+Tfcl7atuAz3idwQ==

"@esbuild/win32-arm64@0.18.19":
  version "0.18.19"
  resolved "https://registry.npmjs.org/@esbuild/win32-arm64/-/win32-arm64-0.18.19.tgz"
  integrity sha512-L4vb6pcoB1cEcXUHU6EPnUhUc4+/tcz4OqlXTWPcSQWxegfmcOprhmIleKKwmMNQVc4wrx/+jB7tGkjjDmiupg==

"@esbuild/win32-ia32@0.18.19":
  version "0.18.19"
  resolved "https://registry.npmjs.org/@esbuild/win32-ia32/-/win32-ia32-0.18.19.tgz"
  integrity sha512-rQng7LXSKdrDlNDb7/v0fujob6X0GAazoK/IPd9C3oShr642ri8uIBkgM37/l8B3Rd5sBQcqUXoDdEy75XC/jg==

"@esbuild/win32-x64@0.18.19":
  version "0.18.19"
  resolved "https://registry.npmjs.org/@esbuild/win32-x64/-/win32-x64-0.18.19.tgz"
  integrity sha512-z69jhyG20Gq4QL5JKPLqUT+eREuqnDAFItLbza4JCmpvUnIlY73YNjd5djlO7kBiiZnvTnJuAbOjIoZIOa1GjA==

"@react-leaflet/core@^2.1.0":
  version "2.1.0"
  resolved "https://registry.npmjs.org/@react-leaflet/core/-/core-2.1.0.tgz"
  integrity sha512-Qk7Pfu8BSarKGqILj4x7bCSZ1pjuAPZ+qmRwH5S7mDS91VSbVVsJSrW4qA+GPrro8t69gFYVMWb1Zc4yFmPiVg==

"@rolldown/pluginutils@^1.0.1":
  version "1.0.1"
  resolved "https://registry.yarnpkg.com/@rolldown/pluginutils/-/pluginutils-1.0.1.tgz#e3fcee093fbb5ce765e1ad088ff4de2889f6f9be"
  integrity sha512-2j9bGt5Jh8hj+vPtgzPtl72j0yRxHAyumoo6TNfAjsLB04UtpSvPbPcDcBMxz7n+9CYB0c1GxQFxYRg2jimqGw==

"@types/prop-types@*":
  version "15.7.5"
  resolved "https://registry.npmjs.org/@types/prop-types/-/prop-types-15.7.5.tgz"
  integrity sha512-JCB8C6SnDoQf0cNycqd/35A7MjcnK+ZTqE7judS6o7utxUCg6imJg3QK2qzHKszlTjcj2cn+NwMB2i96ubpj7w==

"@types/react-dom@^18.0.8":
  version "18.2.7"
  resolved "https://registry.npmjs.org/@types/react-dom/-/react-dom-18.2.7.tgz"
  integrity sha512-GRaAEriuT4zp9N4p1i8BDBYmEyfo+xQ3yHjJU4eiK5NDa1RmUZG+unZABUTK4/Ox/M+GaHwb6Ow8rUITrtjszA==
  dependencies:
    "@types/react" "*"

"@types/react@*", "@types/react@^18.0.24":
  version "18.2.20"
  resolved "https://registry.npmjs.org/@types/react/-/react-18.2.20.tgz"
  integrity sha512-WKNtmsLWJM/3D5mG4U84cysVY31ivmyw85dE84fOCk5Hx78wezB/XEjVPWl2JTZ5FkEeaTJf+VgUAUn3PE7Isw==
  dependencies:
    "@types/prop-types" "*"
    "@types/scheduler" "*"
    csstype "^3.0.2"

"@types/scheduler@*":
  version "0.16.2"
  resolved "https://registry.npmjs.org/@types/scheduler/-/scheduler-0.16.2.tgz"
  integrity sha512-hppQEBDmlwhFAXKJX2KnWLYu5yMfi91yazPb2l+lbJiwW+wdo1gNeRA+3RgNSO39WYX2euey41KEwnqesU2Jew==

"@vitejs/plugin-react@^6.0.0":
  version "6.1.2"
  resolved "https://registry.yarnpkg.com/@vitejs/plugin-react/-/plugin-react-6.1.2.tgz#924d47e890a78cdf2b72f3f41fe8ab98e089b81e"
  integrity sha512-fhJNGUdscQa4HkI0xFxwonWyhnVReCPDbXI7FH7jmzpnVCrFQI7PRrhWecO263610vOrs9tr2Y4xcf8uAdFxbw==
  dependencies:
    "@rolldown/pluginutils" "^1.0.1"

csstype@^3.0.2:
  version "3.1.1"
  resolved "https://registry.npmjs.org/csstype/-/csstype-3.1.1.tgz"
  integrity sha512-DJR/VvkAvSZW9bTouZue2sSxDwdTN92uHjqeKVm+0dAqdfNykRzQ95tay8aXMBAAPpUiq4Qcug2L7neoRh2Egw==

esbuild@^0.18.10:
  version "0.18.19"
  resolved "https://registry.npmjs.org/esbuild/-/esbuild-0.18.19.tgz"
  integrity sha512-ra3CaIKCzJp5bU5BDfrCc0FRqKj71fQi+gbld0aj6lN0ifuX2fWJYPgLVLGwPfA+ruKna+OWwOvf/yHj6n+i0g==
  optionalDependencies:
    "@esbuild/android-arm" "0.18.19"
    "@esbuild/android-arm64" "0.18.19"
    "@esbuild/android-x64" "0.18.19"
    "@esbuild/darwin-arm64" "0.18.19"
    "@esbuild/darwin-x64" "0.18.19"
    "@esbuild/freebsd-arm64" "0.18.19"
    "@esbuild/freebsd-x64" "0.18.19"
    "@esbuild/linux-arm" "0.18.19"
    "@esbuild/linux-arm64" "0.18.19"
    "@esbuild/linux-ia32" "0.18.19"
    "@esbuild/linux-loong64" "0.18.19"
    "@esbuild/linux-mips64el" "0.18.19"
    "@esbuild/linux-ppc64" "0.18.19"
    "@esbuild/linux-riscv64" "0.18.19"
    "@esbuild/linux-s390x" "0.18.19"
    "@esbuild/linux-x64" "0.18.19"
    "@esbuild/netbsd-x64" "0.18.19"
    "@esbuild/openbsd-x64" "0.18.19"
    "@esbuild/sunos-x64" "0.18.19"
    "@esbuild/win32-arm64" "0.18.19"
    "@esbuild/win32-ia32" "0.18.19"
    "@esbuild/win32-x64" "0.18.19"

fsevents@~2.3.2:
  version "2.3.2"
  resolved "https://registry.npmjs.org/fsevents/-/fsevents-2.3.2.tgz"
  integrity sha512-xiqMQR4xAeHTuB9uWm+fFRcIOgKBMiOBP+eXiyT7jsgVCq1bkVygt00oASowB7EdtpOHaaPgKt812P9ab+DDKA==

"js-tokens@^3.0.0 || ^4.0.0":
  version "4.0.0"
  resolved "https://registry.npmjs.org/js-tokens/-/js-tokens-4.0.0.tgz"
  integrity sha512-RdJUflcE3cUzKiMqQgsCu06FPu9UdIJO0beYbPhHN4k6apgJtifcoCtT9bcxOpYBtpD2kCM6Sbzg4CausW/PKQ==

leaflet@^1.9.3:
  version "1.9.4"
  resolved "https://registry.yarnpkg.com/leaflet/-/leaflet-1.9.4.tgz#23fae724e282fa25745aff82ca4d394748db7d8d"
  integrity sha512-nxS1ynzJOmOlHp+iL3FyWqK89GtNL8U8rvlMOsQdTTssxZwCXh8N2NB3GDQOL+YR3XnWyZAxwQixURb+FA74PA==

loose-envify@^1.1.0:
  version "1.4.0"
  resolved "https://registry.npmjs.org/loose-envify/-/loose-envify-1.4.0.tgz"
  integrity sha512-lyuxPGr/Wfhrlem2CL/UcnUc1zcqKAImBDzukY7Y5F/yQiNdko6+fRLevlw1HgMySw7f611UIY408EtxRSoK3Q==
  dependencies:
    js-tokens "^3.0.0 || ^4.0.0"

nanoid@^3.3.6:
  version "3.3.6"
  resolved "https://registry.npmjs.org/nanoid/-/nanoid-3.3.6.tgz"
  integrity sha512-BGcqMMJuToF7i1rt+2PWSNVnWIkGCU78jBG3RxO/bZlnZPK2Cmi2QaffxGO/2RvWi9sL+FAiRiXMgsyxQ1DIDA==

picocolors@^1.0.0:
  version "1.0.0"
  resolved "https://registry.npmjs.org/picocolors/-/picocolors-1.0.0.tgz"
  integrity sha512-1fygroTLlHu66zi26VoTDv8yRgm0Fccecssto+MhsZ0D/DGW2sm8E8AjW7NU5VVTRt5GxbeZ5qBuJr+HyLYkjQ==

postcss@^8.4.27:
  version "8.4.27"
  resolved "https://registry.npmjs.org/postcss/-/postcss-8.4.27.tgz"
  integrity sha512-gY/ACJtJPSmUFPDCHtX78+01fHa64FaU4zaaWfuh1MhGJISufJAH4cun6k/8fwsHYeK4UQmENQK+tRLCFJE8JQ==
  dependencies:
    nanoid "^3.3.6"
    picocolors "^1.0.0"
    source-map-js "^1.0.2"

react-dom@^18.2.0:
  version "18.2.0"
  resolved "https://registry.npmjs.org/react-dom/-/react-dom-18.2.0.tgz"
  integrity sha512-6IMTriUmvsjHUjNtEDudZfuDQUoWXVxKHhlEGSk81n4YFS+r/Kl99wXiwlVXtPBtJenozv2P+hxDsw9eA7Xo6g==
  dependencies:
    loose-envify "^1.1.0"
    scheduler "^0.23.0"

react-leaflet@^4.2.0:
  version "4.2.1"
  resolved "https://registry.npmjs.org/react-leaflet/-/react-leaflet-4.2.1.tgz"
  integrity sha512-p9chkvhcKrWn/H/1FFeVSqLdReGwn2qmiobOQGO3BifX+/vV/39qhY8dGqbdcPh1e6jxh/QHriLXr7a4eLFK4Q==
  dependencies:
    "@react-leaflet/core" "^2.1.0"

react@^18.2.0:
  version "18.2.0"
  resolved "https://registry.npmjs.org/react/-/react-18.2.0.tgz"
  integrity sha512-/3IjMdb2L9QbBdWiW5e3P2/npwMBaU9mHCSCUzNln0ZCYbcfTsGbTJrU/kGemdH2IWmB2ioZ+zkxtmq6g09fGQ==
  dependencies:
    loose-envify "^1.1.0"

rollup@^3.27.1:
  version "3.27.2"
  resolved "https://registry.npmjs.org/rollup/-/rollup-3.27.2.tgz"
  integrity sha512-YGwmHf7h2oUHkVBT248x0yt6vZkYQ3/rvE5iQuVBh3WO8GcJ6BNeOkpoX1yMHIiBm18EMLjBPIoUDkhgnyxGOQ==
  optionalDependencies:
    fsevents "~2.3.2"

scheduler@^0.23.0:
  version "0.23.0"
  resolved "https://registry.npmjs.org/scheduler/-/scheduler-0.23.0.tgz"
  integrity sha512-CtuThmgHNg7zIZWAXi3AsyIzA3n4xx7aNyjwC2VJldO2LMVDhFK+63xGqq6CsJH4rTAt6/M+N4GhZiDYPx9eUw==
  dependencies:
    loose-envify "^1.1.0"

source-map-js@^1.0.2:
  version "1.0.2"
  resolved "https://registry.npmjs.org/source-map-js/-/source-map-js-1.0.2.tgz"
  integrity sha512-R0XvVJ9WusLiqTCEiGCmICCMplcCkIwwR11mOSD9CR5u+IXYdiseeEuXCVAjS54zqwkLcPNnmU4OeJ6tUrWhDw==

vite@^4.0.0:
  version "4.4.9"
  resolved "https://registry.npmjs.org/vite/-/vite-4.4.9.tgz"
  integrity sha512-2mbUn2LlUmNASWwSCNSJ/EG2HuSRTnVNaydp6vMCm5VIqJsjMfbIWtbH2kDuwUVW5mMUKKZvGPX/rqeqVvv1XA==
  dependencies:
    esbuild "^0.18.10"
    postcss "^8.4.27"
    rollup "^3.27.1"
  optionalDependencies:
    fsevents "~2.3.2"
